
Microsoft Visual Studio Solution File, Format Version 12.00
# Visual Studio Version 17
VisualStudioVersion = 17.0.31903.59
MinimumVisualStudioVersion = 10.0.40219.1
Project("{2150E333-8FDC-42A3-9474-1A3956D46DE8}") = "src", "src", "{AA84F1C6-D4DA-4911-AEB7-43568EB6D0D7}"
EndProject
Project("{2150E333-8FDC-42A3-9474-1A3956D46DE8}") = "test", "test", "{9B25868E-2634-4F52-81DF-9C26DA6E2A89}"
EndProject
Project("{FAE04EC0-301F-11D3-BF4B-00C04F79EFBC}") = "Escendit.Orleans.Clients.RabbitMQ.Abstractions", "src\Abstractions\Escendit.Orleans.Clients.RabbitMQ.Abstractions.csproj", "{65114CF5-67E7-46EC-B8D5-4E1E4CE8FD33}"
EndProject
Project("{FAE04EC0-301F-11D3-BF4B-00C04F79EFBC}") = "Escendit.Orleans.Clients.RabbitMQ.AmqpProtocol", "src\AmqpProtocol\Escendit.Orleans.Clients.RabbitMQ.AmqpProtocol.csproj", "{68F24E0A-DA44-4946-BF35-456246C37A53}"
EndProject
Project("{FAE04EC0-301F-11D3-BF4B-00C04F79EFBC}") = "Escendit.Orleans.Clients.RabbitMQ.StreamProtocol", "src\StreamProtocol\Escendit.Orleans.Clients.RabbitMQ.StreamProtocol.csproj", "{711F48F7-1F32-45C1-B0BC-7D01CC194B78}"
EndProject
Project("{FAE04EC0-301F-11D3-BF4B-00C04F79EFBC}") = "Escendit.Orleans.Clients.RabbitMQ.Abstractions.Tests", "test\Abstractions\Escendit.Orleans.Clients.RabbitMQ.Abstractions.Tests.csproj", "{474F8459-8DFD-418A-B6C9-959122F56BEB}"
EndProject
Project("{FAE04EC0-301F-11D3-BF4B-00C04F79EFBC}") = "Escendit.Orleans.Clients.RabbitMQ.StreamProtocol.Tests", "test\StreamProtocol\Escendit.Orleans.Clients.RabbitMQ.StreamProtocol.Tests.csproj", "{2591C4A5-0FBE-44B6-A0B9-4B4061B57AC7}"
EndProject
Project("{FAE04EC0-301F-11D3-BF4B-00C04F79EFBC}") = "Escendit.Orleans.Clients.RabbitMQ.AmqpProtocol.Tests", "test\AmqpProtocol\Escendit.Orleans.Clients.RabbitMQ.AmqpProtocol.Tests.csproj", "{A85C6E00-FA12-40D8-B2CD-EF3C5430352C}"
EndProject
Project("{2150E333-8FDC-42A3-9474-1A3956D46DE8}") = "DependencyInjection", "DependencyInjection", "{2BDEBA69-376A-4614-A340-AAC44544DD4B}"
EndProject
Project("{2150E333-8FDC-42A3-9474-1A3956D46DE8}") = "AspNetCore", "AspNetCore", "{B9EC783A-F31C-4C3B-A99C-45AAC1E50750}"
EndProject
Project("{2150E333-8FDC-42A3-9474-1A3956D46DE8}") = "Hosting", "Hosting", "{D67F52E2-9B23-4458-A6D0-44BED845F11D}"
EndProject
Project("{FAE04EC0-301F-11D3-BF4B-00C04F79EFBC}") = "Escendit.Extensions.DependencyInjection.RabbitMQ.Abstractions", "src\DependencyInjection\RabbitMQ\Abstractions\Escendit.Extensions.DependencyInjection.RabbitMQ.Abstractions.csproj", "{AD042844-81FC-406E-B3BE-D009081DA33E}"
EndProject
Project("{2150E333-8FDC-42A3-9474-1A3956D46DE8}") = "RabbitMQ", "RabbitMQ", "{DA44791A-A5D0-4A88-9332-D1BA0FCEE0DF}"
EndProject
Project("{FAE04EC0-301F-11D3-BF4B-00C04F79EFBC}") = "Escendit.Extensions.DependencyInjection.RabbitMQ.AmqpProtocol", "src\DependencyInjection\RabbitMQ\AmqpProtocol\Escendit.Extensions.DependencyInjection.RabbitMQ.AmqpProtocol.csproj", "{128C0B85-D10B-41C4-850C-502CEB7FC99A}"
EndProject
Project("{FAE04EC0-301F-11D3-BF4B-00C04F79EFBC}") = "Escendit.Extensions.DependencyInjection.RabbitMQ.StreamProtocol", "src\DependencyInjection\RabbitMQ\StreamProtocol\Escendit.Extensions.DependencyInjection.RabbitMQ.StreamProtocol.csproj", "{0E9CB533-0DD0-4794-902F-B518F0903940}"
EndProject
Project("{2150E333-8FDC-42A3-9474-1A3956D46DE8}") = "RabbitMQ", "RabbitMQ", "{FCF66C39-0AEB-4ECB-B220-353584A09196}"
EndProject
Project("{2150E333-8FDC-42A3-9474-1A3956D46DE8}") = "RabbitMQ", "RabbitMQ", "{2F482855-F944-4331-BFDA-900ED5E76BC5}"
EndProject
Global
	GlobalSection(SolutionConfigurationPlatforms) = preSolution
		Debug|Any CPU = Debug|Any CPU
		Release|Any CPU = Release|Any CPU
	EndGlobalSection
	GlobalSection(SolutionProperties) = preSolution
		HideSolutionNode = FALSE
	EndGlobalSection
	GlobalSection(NestedProjects) = preSolution
		{65114CF5-67E7-46EC-B8D5-4E1E4CE8FD33} = {AA84F1C6-D4DA-4911-AEB7-43568EB6D0D7}
		{68F24E0A-DA44-4946-BF35-456246C37A53} = {AA84F1C6-D4DA-4911-AEB7-43568EB6D0D7}
		{711F48F7-1F32-45C1-B0BC-7D01CC194B78} = {AA84F1C6-D4DA-4911-AEB7-43568EB6D0D7}
		{474F8459-8DFD-418A-B6C9-959122F56BEB} = {9B25868E-2634-4F52-81DF-9C26DA6E2A89}
		{2591C4A5-0FBE-44B6-A0B9-4B4061B57AC7} = {9B25868E-2634-4F52-81DF-9C26DA6E2A89}
		{A85C6E00-FA12-40D8-B2CD-EF3C5430352C} = {9B25868E-2634-4F52-81DF-9C26DA6E2A89}
		{2BDEBA69-376A-4614-A340-AAC44544DD4B} = {AA84F1C6-D4DA-4911-AEB7-43568EB6D0D7}
		{B9EC783A-F31C-4C3B-A99C-45AAC1E50750} = {AA84F1C6-D4DA-4911-AEB7-43568EB6D0D7}
		{D67F52E2-9B23-4458-A6D0-44BED845F11D} = {AA84F1C6-D4DA-4911-AEB7-43568EB6D0D7}
		{DA44791A-A5D0-4A88-9332-D1BA0FCEE0DF} = {2BDEBA69-376A-4614-A340-AAC44544DD4B}
		{AD042844-81FC-406E-B3BE-D009081DA33E} = {DA44791A-A5D0-4A88-9332-D1BA0FCEE0DF}
		{128C0B85-D10B-41C4-850C-502CEB7FC99A} = {DA44791A-A5D0-4A88-9332-D1BA0FCEE0DF}
		{0E9CB533-0DD0-4794-902F-B518F0903940} = {DA44791A-A5D0-4A88-9332-D1BA0FCEE0DF}
		{FCF66C39-0AEB-4ECB-B220-353584A09196} = {D67F52E2-9B23-4458-A6D0-44BED845F11D}
		{2F482855-F944-4331-BFDA-900ED5E76BC5} = {B9EC783A-F31C-4C3B-A99C-45AAC1E50750}
	EndGlobalSection
	GlobalSection(ProjectConfigurationPlatforms) = postSolution
		{65114CF5-67E7-46EC-B8D5-4E1E4CE8FD33}.Debug|Any CPU.ActiveCfg = Debug|Any CPU
		{65114CF5-67E7-46EC-B8D5-4E1E4CE8FD33}.Debug|Any CPU.Build.0 = Debug|Any CPU
		{65114CF5-67E7-46EC-B8D5-4E1E4CE8FD33}.Release|Any CPU.ActiveCfg = Release|Any CPU
		{65114CF5-67E7-46EC-B8D5-4E1E4CE8FD33}.Release|Any CPU.Build.0 = Release|Any CPU
		{68F24E0A-DA44-4946-BF35-456246C37A53}.Debug|Any CPU.ActiveCfg = Debug|Any CPU
		{68F24E0A-DA44-4946-BF35-456246C37A53}.Debug|Any CPU.Build.0 = Debug|Any CPU
		{68F24E0A-DA44-4946-BF35-456246C37A53}.Release|Any CPU.ActiveCfg = Release|Any CPU
		{68F24E0A-DA44-4946-BF35-456246C37A53}.Release|Any CPU.Build.0 = Release|Any CPU
		{711F48F7-1F32-45C1-B0BC-7D01CC194B78}.Debug|Any CPU.ActiveCfg = Debug|Any CPU
		{711F48F7-1F32-45C1-B0BC-7D01CC194B78}.Debug|Any CPU.Build.0 = Debug|Any CPU
		{711F48F7-1F32-45C1-B0BC-7D01CC194B78}.Release|Any CPU.ActiveCfg = Release|Any CPU
		{711F48F7-1F32-45C1-B0BC-7D01CC194B78}.Release|Any CPU.Build.0 = Release|Any CPU
		{474F8459-8DFD-418A-B6C9-959122F56BEB}.Debug|Any CPU.ActiveCfg = Debug|Any CPU
		{474F8459-8DFD-418A-B6C9-959122F56BEB}.Debug|Any CPU.Build.0 = Debug|Any CPU
		{474F8459-8DFD-418A-B6C9-959122F56BEB}.Release|Any CPU.ActiveCfg = Release|Any CPU
		{474F8459-8DFD-418A-B6C9-959122F56BEB}.Release|Any CPU.Build.0 = Release|Any CPU
		{2591C4A5-0FBE-44B6-A0B9-4B4061B57AC7}.Debug|Any CPU.ActiveCfg = Debug|Any CPU
		{2591C4A5-0FBE-44B6-A0B9-4B4061B57AC7}.Debug|Any CPU.Build.0 = Debug|Any CPU
		{2591C4A5-0FBE-44B6-A0B9-4B4061B57AC7}.Release|Any CPU.ActiveCfg = Release|Any CPU
		{2591C4A5-0FBE-44B6-A0B9-4B4061B57AC7}.Release|Any CPU.Build.0 = Release|Any CPU
		{A85C6E00-FA12-40D8-B2CD-EF3C5430352C}.Debug|Any CPU.ActiveCfg = Debug|Any CPU
		{A85C6E00-FA12-40D8-B2CD-EF3C5430352C}.Debug|Any CPU.Build.0 = Debug|Any CPU
		{A85C6E00-FA12-40D8-B2CD-EF3C5430352C}.Release|Any CPU.ActiveCfg = Release|Any CPU
		{A85C6E00-FA12-40D8-B2CD-EF3C5430352C}.Release|Any CPU.Build.0 = Release|Any CPU
		{AD042844-81FC-406E-B3BE-D009081DA33E}.Debug|Any CPU.ActiveCfg = Debug|Any CPU
		{AD042844-81FC-406E-B3BE-D009081DA33E}.Debug|Any CPU.Build.0 = Debug|Any CPU
		{AD042844-81FC-406E-B3BE-D009081DA33E}.Release|Any CPU.ActiveCfg = Release|Any CPU
		{AD042844-81FC-406E-B3BE-D009081DA33E}.Release|Any CPU.Build.0 = Release|Any CPU
		{128C0B85-D10B-41C4-850C-502CEB7FC99A}.Debug|Any CPU.ActiveCfg = Debug|Any CPU
		{128C0B85-D10B-41C4-850C-502CEB7FC99A}.Debug|Any CPU.Build.0 = Debug|Any CPU
		{128C0B85-D10B-41C4-850C-502CEB7FC99A}.Release|Any CPU.ActiveCfg = Release|Any CPU
		{128C0B85-D10B-41C4-850C-502CEB7FC99A}.Release|Any CPU.Build.0 = Release|Any CPU
		{0E9CB533-0DD0-4794-902F-B518F0903940}.Debug|Any CPU.ActiveCfg = Debug|Any CPU
		{0E9CB533-0DD0-4794-902F-B518F0903940}.Debug|Any CPU.Build.0 = Debug|Any CPU
		{0E9CB533-0DD0-4794-902F-B518F0903940}.Release|Any CPU.ActiveCfg = Release|Any CPU
		{0E9CB533-0DD0-4794-902F-B518F0903940}.Release|Any CPU.Build.0 = Release|Any CPU
	EndGlobalSection
EndGlobal
